github.com/xdsopl/framebuffer v0.0.0-20171019113941-ed6572609f8c h1:RdokCdG/rMvodXtccTsObTbLqv3cPm98TMNudi2ASgw=
github.com/xdsopl/framebuffer v0.0.0-20171019113941-ed6572609f8c/go.mod h1:VlqqcWpxnIFrdjiUq8yoyAndSjoecmeT8JK1orBI5io=
golang.org/x/image v0.0.0-20191009234506-e7c1f5e7dbb8 h1:hVwzHzIUGRjiF7EcUjqNxk3NCfkPxbDKRdnNE1Rpg0U=
golang.org/x/image v0.0.0-20191009234506-e7c1f5e7dbb8/go.mod h1:FeLwcggjj3mMvU+oOTbSwawSJRM1uh48EjtB4UJZlP0=
golang.org/x/sys v0.1.0 h1:kunALQeHf1/185U1i0GOB/fy1IPRDDpuoOOqRReG57U=
golang.org/x/sys v0.1.0/go.mod h1:oPkhp1MJrh7nUepCBck5+mAzfO9JrbApNNgaTdGDITg=
golang.org/x/text v0.3.0/go.mod h1:NqM8EUOU14njkJ3fqMW+pc6Ldnwhi/IjpwHt7yyuwOQ=
